
Microsoft Visual Studio Solution File, Format Version 12.00
# Visual Studio 15
VisualStudioVersion = 15.0.28307.168
MinimumVisualStudioVersion = 10.0.40219.1
Project("{FAE04EC0-301F-11D3-BF4B-00C04F79EFBC}") = "Kraig Massee Lab 8", "Kraig Massee Lab 8\Kraig Massee Lab 8.csproj", "{F7071221-EF49-43A1-98AD-E21C708D59F9}"
EndProject
Global
	GlobalSection(SolutionConfigurationPlatforms) = preSolution
		Debug|Any CPU = Debug|Any CPU
		Release|Any CPU = Release|Any CPU
	EndGlobalSection
	GlobalSection(ProjectConfigurationPlatforms) = postSolution
		{F7071221-EF49-43A1-98AD-E21C708D59F9}.Debug|Any CPU.ActiveCfg = Debug|Any CPU
		{F7071221-EF49-43A1-98AD-E21C708D59F9}.Debug|Any CPU.Build.0 = Debug|Any CPU
		{F7071221-EF49-43A1-98AD-E21C708D59F9}.Release|Any CPU.ActiveCfg = Release|Any CPU
		{F7071221-EF49-43A1-98AD-E21C708D59F9}.Release|Any CPU.Build.0 = Release|Any CPU
	EndGlobalSection
	GlobalSection(SolutionProperties) = preSolution
		HideSolutionNode = FALSE
	EndGlobalSection
	GlobalSection(ExtensibilityGlobals) = postSolution
		SolutionGuid = {E2830EF4-1EFC-4055-B40F-DCAECAB8EE98}
	EndGlobalSection
EndGlobal
