
Microsoft Visual Studio Solution File, Format Version 12.00
# Visual Studio 15
VisualStudioVersion = 15.0.28307.168
MinimumVisualStudioVersion = 10.0.40219.1
Project("{FAE04EC0-301F-11D3-BF4B-00C04F79EFBC}") = "Kraig Massee Lab 7", "Kraig Massee Lab 7\Kraig Massee Lab 7.csproj", "{DBA30056-C4A3-425C-8E14-0FCC47B3B46E}"
EndProject
Global
	GlobalSection(SolutionConfigurationPlatforms) = preSolution
		Debug|Any CPU = Debug|Any CPU
		Release|Any CPU = Release|Any CPU
	EndGlobalSection
	GlobalSection(ProjectConfigurationPlatforms) = postSolution
		{DBA30056-C4A3-425C-8E14-0FCC47B3B46E}.Debug|Any CPU.ActiveCfg = Debug|Any CPU
		{DBA30056-C4A3-425C-8E14-0FCC47B3B46E}.Debug|Any CPU.Build.0 = Debug|Any CPU
		{DBA30056-C4A3-425C-8E14-0FCC47B3B46E}.Release|Any CPU.ActiveCfg = Release|Any CPU
		{DBA30056-C4A3-425C-8E14-0FCC47B3B46E}.Release|Any CPU.Build.0 = Release|Any CPU
	EndGlobalSection
	GlobalSection(SolutionProperties) = preSolution
		HideSolutionNode = FALSE
	EndGlobalSection
	GlobalSection(ExtensibilityGlobals) = postSolution
		SolutionGuid = {02631CF4-EBB5-4292-8E4A-1AD70794E0C5}
	EndGlobalSection
EndGlobal
