
Microsoft Visual Studio Solution File, Format Version 12.00
# Visual Studio 15
VisualStudioVersion = 15.0.28307.168
MinimumVisualStudioVersion = 10.0.40219.1
Project("{FAE04EC0-301F-11D3-BF4B-00C04F79EFBC}") = "Kraig Massee Lab 2", "Kraig Massee Lab 2\Kraig Massee Lab 2.csproj", "{068081D9-1ECF-4208-96A8-F5204A4DB8F8}"
EndProject
Global
	GlobalSection(SolutionConfigurationPlatforms) = preSolution
		Debug|Any CPU = Debug|Any CPU
		Release|Any CPU = Release|Any CPU
	EndGlobalSection
	GlobalSection(ProjectConfigurationPlatforms) = postSolution
		{068081D9-1ECF-4208-96A8-F5204A4DB8F8}.Debug|Any CPU.ActiveCfg = Debug|Any CPU
		{068081D9-1ECF-4208-96A8-F5204A4DB8F8}.Debug|Any CPU.Build.0 = Debug|Any CPU
		{068081D9-1ECF-4208-96A8-F5204A4DB8F8}.Release|Any CPU.ActiveCfg = Release|Any CPU
		{068081D9-1ECF-4208-96A8-F5204A4DB8F8}.Release|Any CPU.Build.0 = Release|Any CPU
	EndGlobalSection
	GlobalSection(SolutionProperties) = preSolution
		HideSolutionNode = FALSE
	EndGlobalSection
	GlobalSection(ExtensibilityGlobals) = postSolution
		SolutionGuid = {3C8CBE76-9F01-4AC0-ACC0-D39CD6D118E9}
	EndGlobalSection
EndGlobal
